
Microsoft Visual Studio Solution File, Format Version 12.00
# Visual Studio 15
VisualStudioVersion = 15.0.28307.1433
MinimumVisualStudioVersion = 10.0.40219.1
Project("{FAE04EC0-301F-11D3-BF4B-00C04F79EFBC}") = "MensajeroApp", "MensajeroApp\MensajeroApp.csproj", "{F3A70711-A72B-4CF6-A771-F9FFFA89C5B5}"
EndProject
Project("{FAE04EC0-301F-11D3-BF4B-00C04F79EFBC}") = "MensajeroModel", "MensajeroModel\MensajeroModel.csproj", "{FBADB8D5-0182-4AC0-B031-DE46AA390875}"
EndProject
Project("{FAE04EC0-301F-11D3-BF4B-00C04F79EFBC}") = "SocketUtils", "SocketUtils\SocketUtils.csproj", "{568EFB15-1473-41BB-AFB7-3487C77E3870}"
EndProject
Global
	GlobalSection(SolutionConfigurationPlatforms) = preSolution
		Debug|Any CPU = Debug|Any CPU
		Release|Any CPU = Release|Any CPU
	EndGlobalSection
	GlobalSection(ProjectConfigurationPlatforms) = postSolution
		{F3A70711-A72B-4CF6-A771-F9FFFA89C5B5}.Debug|Any CPU.ActiveCfg = Debug|Any CPU
		{F3A70711-A72B-4CF6-A771-F9FFFA89C5B5}.Debug|Any CPU.Build.0 = Debug|Any CPU
		{F3A70711-A72B-4CF6-A771-F9FFFA89C5B5}.Release|Any CPU.ActiveCfg = Release|Any CPU
		{F3A70711-A72B-4CF6-A771-F9FFFA89C5B5}.Release|Any CPU.Build.0 = Release|Any CPU
		{FBADB8D5-0182-4AC0-B031-DE46AA390875}.Debug|Any CPU.ActiveCfg = Debug|Any CPU
		{FBADB8D5-0182-4AC0-B031-DE46AA390875}.Debug|Any CPU.Build.0 = Debug|Any CPU
		{FBADB8D5-0182-4AC0-B031-DE46AA390875}.Release|Any CPU.ActiveCfg = Release|Any CPU
		{FBADB8D5-0182-4AC0-B031-DE46AA390875}.Release|Any CPU.Build.0 = Release|Any CPU
		{568EFB15-1473-41BB-AFB7-3487C77E3870}.Debug|Any CPU.ActiveCfg = Debug|Any CPU
		{568EFB15-1473-41BB-AFB7-3487C77E3870}.Debug|Any CPU.Build.0 = Debug|Any CPU
		{568EFB15-1473-41BB-AFB7-3487C77E3870}.Release|Any CPU.ActiveCfg = Release|Any CPU
		{568EFB15-1473-41BB-AFB7-3487C77E3870}.Release|Any CPU.Build.0 = Release|Any CPU
	EndGlobalSection
	GlobalSection(SolutionProperties) = preSolution
		HideSolutionNode = FALSE
	EndGlobalSection
	GlobalSection(ExtensibilityGlobals) = postSolution
		SolutionGuid = {EACEFA2B-3EAC-4F1A-8FDF-6CA7A8B5AB9A}
	EndGlobalSection
EndGlobal
